#MicroXplorer Configuration settings - do not modify
Mcu.Family=STM32L4
VP_RTC_VS_RTC_Activate.Signal=RTC_VS_RTC_Activate
RCC.MSI_VALUE=4000000
ProjectManager.MainLocation=Core/Src
PA14\ (JTCK-SWCLK).Mode=Serial_Wire
RCC.PLLQoutputFreq_Value=72000000
RCC.USART1Freq_Value=72000000
ProjectManager.ProjectFileName=nucleo.ioc
RCC.SAI1Freq_Value=4571428.571428572
TIM17.Prescaler=0
USART2.IPParameters=VirtualMode-Asynchronous
RCC.CortexFreq_Value=72000000
VP_TIM17_VS_ClockSourceINT.Mode=Enable_Timer
ProjectManager.KeepUserCode=true
Mcu.UserName=STM32L476RGTx
Mcu.PinsNb=13
TIM17.Pulse=499
ProjectManager.NoMain=false
RCC.PLLSAI1RoutputFreq_Value=16000000
RCC.SWPMI1Freq_Value=72000000
ProjectManager.functionlistsort=1-MX_GPIO_Init-GPIO-false-HAL-true,2-SystemClock_Config-RCC-false-HAL-false,3-MX_IRTIM_Init-IRTIM-false-HAL-true,4-MX_TIM16_Init-TIM16-false-HAL-true,5-MX_TIM17_Init-TIM17-false-HAL-true,6-MX_RTC_Init-RTC-false-HAL-true,7-MX_USART2_UART_Init-USART2-false-HAL-true
VP_RTC_VS_RTC_Activate.Mode=RTC_Enabled
RCC.RTCFreq_Value=32768
ProjectManager.DefaultFWLocation=true
SH.S_TIM16_CH1.0=TIM16_CH1,Output Compare1 CH1
VP_TIM16_VS_ClockSourceINT.Mode=Enable_Timer
PC15-OSC32_OUT\ (PC15).Signal=RCC_OSC32_OUT
RCC.USART2Freq_Value=72000000
PC15-OSC32_OUT\ (PC15).Mode=LSE-External-Oscillator
ProjectManager.DeletePrevious=true
RCC.VCOSAI2OutputFreq_Value=32000000
VP_TIM17_VS_ClockSourceINT.Signal=TIM17_VS_ClockSourceINT
TIM16.Channel=TIM_CHANNEL_1
PinOutPanel.RotationAngle=0
RCC.FamilyName=M
RCC.MCO1PinFreq_Value=72000000
RCC.SYSCLKSource=RCC_SYSCLKSOURCE_PLLCLK
ProjectManager.StackSize=0x400
PC14-OSC32_IN\ (PC14).Mode=LSE-External-Oscillator
PB9.GPIOParameters=GPIO_Speed
PA14\ (JTCK-SWCLK).Signal=SYS_JTCK-SWCLK
RCC.I2C3Freq_Value=72000000
RCC.LPTIM1Freq_Value=72000000
PA3.Mode=Asynchronous
Mcu.IP4=SYS
RCC.FCLKCortexFreq_Value=72000000
Mcu.IP5=TIM16
NVIC.SVCall_IRQn=true\:0\:0\:false\:false\:true\:false\:false
Mcu.IP2=RCC
Mcu.IP3=RTC
Mcu.IP0=IRTIM
Mcu.IP1=NVIC
Mcu.UserConstants=
SH.S_TIM16_CH1.ConfNb=1
RCC.VCOSAI1OutputFreq_Value=32000000
ProjectManager.TargetToolchain=STM32CubeIDE
RCC.SDMMCFreq_Value=16000000
Mcu.ThirdPartyNb=0
RCC.HCLKFreq_Value=72000000
Mcu.IPNb=8
ProjectManager.PreviousToolchain=
PB9.Mode=INFRARED
RCC.APB2TimFreq_Value=72000000
Mcu.Pin6=PA14 (JTCK-SWCLK)
RCC.SAI2Freq_Value=4571428.571428572
Mcu.Pin7=PB7
TIM17.IPParameters=Channel,Period,Pulse,Prescaler
ProjectManager.RegisterCallBack=
Mcu.Pin8=PB9
RCC.USBFreq_Value=16000000
Mcu.Pin9=VP_RTC_VS_RTC_Activate
RCC.AHBFreq_Value=72000000
RCC.PLLSAI1PoutputFreq_Value=4571428.571428572
Mcu.Pin0=PC14-OSC32_IN (PC14)
Mcu.Pin1=PC15-OSC32_OUT (PC15)
GPIO.groupedBy=Group By Peripherals
Mcu.Pin2=PA2
Mcu.Pin3=PA3
RCC.USART3Freq_Value=72000000
Mcu.Pin4=PA6
Mcu.Pin5=PA13 (JTMS-SWDIO)
RCC.PLLSAI2RoutputFreq_Value=16000000
ProjectManager.ProjectBuild=false
RCC.HSE_VALUE=8000000
NVIC.UsageFault_IRQn=true\:0\:0\:false\:false\:true\:false\:false
NVIC.DebugMonitor_IRQn=true\:0\:0\:false\:false\:true\:false\:false
board=custom
TIM17.Channel=TIM_CHANNEL_1
USART2.VirtualMode-Asynchronous=VM_ASYNC
RCC.VCOOutputFreq_Value=144000000
NVIC.SysTick_IRQn=true\:0\:0\:false\:false\:true\:false\:true
RCC.RTCClockSelection=RCC_RTCCLKSOURCE_LSE
ProjectManager.LastFirmware=true
TIM17.Period=1999
ProjectManager.FirmwarePackage=STM32Cube FW_L4 V1.17.2
MxDb.Version=DB.6.0.21
TIM16.Period=1999
RCC.APB2Freq_Value=72000000
RCC.UART4Freq_Value=72000000
ProjectManager.BackupPrevious=false
MxCube.Version=6.2.1
RCC.VCOInputFreq_Value=4000000
RCC.I2C1Freq_Value=72000000
RCC.LCDFreq_Value=32768
RCC.RNGFreq_Value=16000000
RCC.PLLSAI1QoutputFreq_Value=16000000
RCC.ADCFreq_Value=16000000
File.Version=6
VP_SYS_VS_Systick.Mode=SysTick
PB7.Signal=TIM17_CH1N
VP_TIM16_VS_ClockSourceINT.Signal=TIM16_VS_ClockSourceINT
NVIC.NonMaskableInt_IRQn=true\:0\:0\:false\:false\:true\:false\:false
RCC.PLLRCLKFreq_Value=72000000
NVIC.PendSV_IRQn=true\:0\:0\:false\:false\:true\:false\:false
RCC.UART5Freq_Value=72000000
ProjectManager.FreePins=false
RCC.IPParameters=ADCFreq_Value,AHBFreq_Value,APB1Freq_Value,APB1TimFreq_Value,APB2Freq_Value,APB2TimFreq_Value,CortexFreq_Value,DFSDMFreq_Value,FCLKCortexFreq_Value,FamilyName,HCLKFreq_Value,HSE_VALUE,HSI_VALUE,I2C1Freq_Value,I2C2Freq_Value,I2C3Freq_Value,LCDFreq_Value,LPTIM1Freq_Value,LPTIM2Freq_Value,LPUART1Freq_Value,LSCOPinFreq_Value,LSI_VALUE,MCO1PinFreq_Value,MSI_VALUE,PLLN,PLLPoutputFreq_Value,PLLQoutputFreq_Value,PLLRCLKFreq_Value,PLLSAI1PoutputFreq_Value,PLLSAI1QoutputFreq_Value,PLLSAI1RoutputFreq_Value,PLLSAI2PoutputFreq_Value,PLLSAI2RoutputFreq_Value,PWRFreq_Value,RNGFreq_Value,RTCClockSelection,RTCFreq_Value,SAI1Freq_Value,SAI2Freq_Value,SDMMCFreq_Value,SWPMI1Freq_Value,SYSCLKFreq_VALUE,SYSCLKSource,UART4Freq_Value,UART5Freq_Value,USART1Freq_Value,USART2Freq_Value,USART3Freq_Value,USBFreq_Value,VCOInputFreq_Value,VCOOutputFreq_Value,VCOSAI1OutputFreq_Value,VCOSAI2OutputFreq_Value
ProjectManager.AskForMigrate=true
Mcu.Name=STM32L476R(C-E-G)Tx
RCC.LPTIM2Freq_Value=72000000
ProjectManager.HalAssertFull=false
TIM16.Pulse=999
PA2.Signal=USART2_TX
ProjectManager.ProjectName=nucleo
ProjectManager.UnderRoot=true
Mcu.IP6=TIM17
Mcu.IP7=USART2
ProjectManager.CoupleFile=true
PA13\ (JTMS-SWDIO).Mode=Serial_Wire
RCC.SYSCLKFreq_VALUE=72000000
Mcu.Package=LQFP64
PB9.Signal=IR_OUT
PA6.Signal=S_TIM16_CH1
NVIC.ForceEnableDMAVector=true
RCC.PLLSAI2PoutputFreq_Value=4571428.571428572
KeepUserPlacement=false
PC14-OSC32_IN\ (PC14).Signal=RCC_OSC32_IN
NVIC.MemoryManagement_IRQn=true\:0\:0\:false\:false\:true\:false\:false
ProjectManager.CompilerOptimize=6
ProjectManager.ToolChainLocation=
RCC.LSI_VALUE=32000
VP_SYS_VS_Systick.Signal=SYS_VS_Systick
PB7.Mode=PWM Generation1 CH1N
RCC.LSCOPinFreq_Value=32000
ProjectManager.HeapSize=0x200
NVIC.HardFault_IRQn=true\:0\:0\:false\:false\:true\:false\:false
RCC.DFSDMFreq_Value=72000000
ProjectManager.ComputerToolchain=false
RCC.HSI_VALUE=16000000
NVIC.TIM1_UP_TIM16_IRQn=true\:0\:0\:true\:false\:true\:true\:true
NVIC.PriorityGroup=NVIC_PRIORITYGROUP_4
PB9.GPIO_Speed=GPIO_SPEED_FREQ_MEDIUM
Mcu.Pin11=VP_TIM16_VS_ClockSourceINT
Mcu.Pin12=VP_TIM17_VS_ClockSourceINT
RCC.PLLN=36
RCC.PLLPoutputFreq_Value=20571428.57142857
Mcu.Pin10=VP_SYS_VS_Systick
RCC.APB1TimFreq_Value=72000000
PA2.Mode=Asynchronous
NVIC.BusFault_IRQn=true\:0\:0\:false\:false\:true\:false\:false
RCC.PWRFreq_Value=72000000
RCC.LPUART1Freq_Value=72000000
TIM16.IPParameters=Channel,Period,Pulse,Prescaler
TIM16.Prescaler=63
PA13\ (JTMS-SWDIO).Signal=SYS_JTMS-SWDIO
RCC.I2C2Freq_Value=72000000
RCC.APB1Freq_Value=72000000
ProjectManager.CustomerFirmwarePackage=
ProjectManager.DeviceId=STM32L476RGTx
ProjectManager.LibraryCopy=1
PA3.Signal=USART2_RX
isbadioc=false
